
Microsoft Visual Studio Solution File, Format Version 12.00
# Visual Studio Version 17
VisualStudioVersion = 17.0.32014.148
MinimumVisualStudioVersion = 10.0.40219.1
Project("{FAE04EC0-301F-11D3-BF4B-00C04F79EFBC}") = "conngaProj", "conngaProj\conngaProj.csproj", "{ECD91490-DE13-4BAA-A591-17879CC21691}"
EndProject
Global
	GlobalSection(SolutionConfigurationPlatforms) = preSolution
		Debug|Any CPU = Debug|Any CPU
		Release|Any CPU = Release|Any CPU
	EndGlobalSection
	GlobalSection(ProjectConfigurationPlatforms) = postSolution
		{ECD91490-DE13-4BAA-A591-17879CC21691}.Debug|Any CPU.ActiveCfg = Debug|Any CPU
		{ECD91490-DE13-4BAA-A591-17879CC21691}.Debug|Any CPU.Build.0 = Debug|Any CPU
		{ECD91490-DE13-4BAA-A591-17879CC21691}.Release|Any CPU.ActiveCfg = Release|Any CPU
		{ECD91490-DE13-4BAA-A591-17879CC21691}.Release|Any CPU.Build.0 = Release|Any CPU
	EndGlobalSection
	GlobalSection(SolutionProperties) = preSolution
		HideSolutionNode = FALSE
	EndGlobalSection
	GlobalSection(ExtensibilityGlobals) = postSolution
		SolutionGuid = {7C2C6153-8DD5-4C43-BDEC-2418177C2CC2}
	EndGlobalSection
EndGlobal
